
Microsoft Visual Studio Solution File, Format Version 12.00
# Visual Studio Version 16
VisualStudioVersion = 16.0.29613.14
MinimumVisualStudioVersion = 10.0.40219.1
Project("{FAE04EC0-301F-11D3-BF4B-00C04F79EFBC}") = "Rock Paper Scissors", "Rock Paper Scissors\Rock Paper Scissors.csproj", "{0889B338-B601-4F2E-A789-385274069269}"
EndProject
Project("{FAE04EC0-301F-11D3-BF4B-00C04F79EFBC}") = "NUnitTestRPS", "NUnitTestRPS\NUnitTestRPS.csproj", "{A53C184C-E380-47D8-9AD7-14FC96C882C9}"
EndProject
Global
	GlobalSection(SolutionConfigurationPlatforms) = preSolution
		Debug|Any CPU = Debug|Any CPU
		Release|Any CPU = Release|Any CPU
	EndGlobalSection
	GlobalSection(ProjectConfigurationPlatforms) = postSolution
		{0889B338-B601-4F2E-A789-385274069269}.Debug|Any CPU.ActiveCfg = Debug|Any CPU
		{0889B338-B601-4F2E-A789-385274069269}.Debug|Any CPU.Build.0 = Debug|Any CPU
		{0889B338-B601-4F2E-A789-385274069269}.Release|Any CPU.ActiveCfg = Release|Any CPU
		{0889B338-B601-4F2E-A789-385274069269}.Release|Any CPU.Build.0 = Release|Any CPU
		{A53C184C-E380-47D8-9AD7-14FC96C882C9}.Debug|Any CPU.ActiveCfg = Debug|Any CPU
		{A53C184C-E380-47D8-9AD7-14FC96C882C9}.Debug|Any CPU.Build.0 = Debug|Any CPU
		{A53C184C-E380-47D8-9AD7-14FC96C882C9}.Release|Any CPU.ActiveCfg = Release|Any CPU
		{A53C184C-E380-47D8-9AD7-14FC96C882C9}.Release|Any CPU.Build.0 = Release|Any CPU
	EndGlobalSection
	GlobalSection(SolutionProperties) = preSolution
		HideSolutionNode = FALSE
	EndGlobalSection
	GlobalSection(ExtensibilityGlobals) = postSolution
		SolutionGuid = {F60E6654-A894-4298-8294-121BD8C51EF3}
	EndGlobalSection
EndGlobal
